
Microsoft Visual Studio Solution File, Format Version 12.00
# Visual Studio Version 17
VisualStudioVersion = 17.3.32929.385
MinimumVisualStudioVersion = 10.0.40219.1
Project("{FAE04EC0-301F-11D3-BF4B-00C04F79EFBC}") = "LeandroLarosaInventorySystem", "LeandroLarosaInventorySystem\LeandroLarosaInventorySystem.csproj", "{7240E29C-A352-4A88-88B3-FB12455EF949}"
EndProject
Global
	GlobalSection(SolutionConfigurationPlatforms) = preSolution
		Debug|Any CPU = Debug|Any CPU
		Release|Any CPU = Release|Any CPU
	EndGlobalSection
	GlobalSection(ProjectConfigurationPlatforms) = postSolution
		{7240E29C-A352-4A88-88B3-FB12455EF949}.Debug|Any CPU.ActiveCfg = Debug|Any CPU
		{7240E29C-A352-4A88-88B3-FB12455EF949}.Debug|Any CPU.Build.0 = Debug|Any CPU
		{7240E29C-A352-4A88-88B3-FB12455EF949}.Release|Any CPU.ActiveCfg = Release|Any CPU
		{7240E29C-A352-4A88-88B3-FB12455EF949}.Release|Any CPU.Build.0 = Release|Any CPU
	EndGlobalSection
	GlobalSection(SolutionProperties) = preSolution
		HideSolutionNode = FALSE
	EndGlobalSection
	GlobalSection(ExtensibilityGlobals) = postSolution
		SolutionGuid = {CBDAC668-2328-43C1-A60A-07254FC6792B}
	EndGlobalSection
EndGlobal
